{
  "name": "training-ag-grid",
  "version": "1.0.0",
  "lockfileVersion": 1,
  "requires": true,
  "dependencies": {
    "ag-charts-community": {
      "version": "8.2.0",
      "resolved": "https://registry.npmjs.org/ag-charts-community/-/ag-charts-community-8.2.0.tgz",
      "integrity": "sha512-qWguvGWP0F8Bomox5PSB8TR50yzWFazEJt+wG0wrk3PXV625OeUed+ncQEPyNlRrSidfq2oBI1uPQ9UaNrjUwQ=="
    },
    "ag-grid-community": {
      "version": "30.2.0",
      "resolved": "https://registry.npmjs.org/ag-grid-community/-/ag-grid-community-30.2.0.tgz",
      "integrity": "sha512-Gd6GXmtzEQSCDloBdRxxCDqnjTBRAOf/zzlaxxyyVBJgc+cePuNgGdplRUhT/rwIiDwvyuoynvxelVE/iYdXsA=="
    }
  }
}
